{
  "version": 4,
  "terraform_version": "0.13.4",
  "serial": 21,
  "lineage": "a7cc9605-d0de-7a4f-c1c5-a22c2f6e97b4",
  "outputs": {},
  "resources": [
    {
      "mode": "managed",
      "type": "helm_release",
      "name": "grafana",
      "provider": "provider[\"registry.terraform.io/hashicorp/helm\"]",
      "instances": [
        {
          "schema_version": 0,
          "attributes": {
            "atomic": false,
            "chart": "grafana",
            "cleanup_on_fail": false,
            "create_namespace": false,
            "dependency_update": false,
            "description": null,
            "devel": null,
            "disable_crd_hooks": false,
            "disable_openapi_validation": false,
            "disable_webhooks": false,
            "force_update": false,
            "id": "grafana",
            "keyring": null,
            "lint": false,
            "max_history": 0,
            "metadata": [
              {
                "app_version": "7.2.0",
                "chart": "grafana",
                "name": "grafana",
                "namespace": "speedtests",
                "revision": 1,
                "values": "{\"adminPassword\":\"getstickbugged\",\"adminUser\":\"admin\",\"ingress\":{\"annotations\":{\"kubernetes.io/ingress.class\":\"traefik\"},\"enabled\":true,\"hosts\":[\"grafana.jrhorner.com\"]},\"persistence\":{\"enabled\":true}}",
                "version": "5.7.3"
              }
            ],
            "name": "grafana",
            "namespace": "speedtests",
            "postrender": [],
            "recreate_pods": false,
            "render_subchart_notes": true,
            "replace": false,
            "repository": "https://grafana.github.io/helm-charts",
            "repository_ca_file": null,
            "repository_cert_file": null,
            "repository_key_file": null,
            "repository_password": null,
            "repository_username": null,
            "reset_values": false,
            "reuse_values": false,
            "set": [],
            "set_sensitive": [],
            "set_string": [],
            "skip_crds": false,
            "status": "deployed",
            "timeout": 300,
            "values": [
              "adminUser: admin\nadminPassword: getstickbugged\n\ningress:\n  enabled: true\n  annotations: \n    kubernetes.io/ingress.class: \"traefik\"\n  hosts:\n    - grafana.jrhorner.com\n\npersistence: \n  enabled: true"
            ],
            "verify": false,
            "version": "5.7.3",
            "wait": true
          },
          "private": "bnVsbA==",
          "dependencies": [
            "kubernetes_namespace.speedtest"
          ]
        }
      ]
    },
    {
      "mode": "managed",
      "type": "helm_release",
      "name": "influxdb",
      "provider": "provider[\"registry.terraform.io/hashicorp/helm\"]",
      "instances": [
        {
          "schema_version": 0,
          "attributes": {
            "atomic": false,
            "chart": "influxdb",
            "cleanup_on_fail": false,
            "create_namespace": false,
            "dependency_update": false,
            "description": null,
            "devel": null,
            "disable_crd_hooks": false,
            "disable_openapi_validation": false,
            "disable_webhooks": false,
            "force_update": false,
            "id": "influxdb",
            "keyring": null,
            "lint": false,
            "max_history": 0,
            "metadata": [
              {
                "app_version": "1.8.0",
                "chart": "influxdb",
                "name": "influxdb",
                "namespace": "speedtests",
                "revision": 1,
                "values": "{\"image\":{\"tag\":\"1.8.0\"},\"ingress\":{\"annotations\":{\"kubernetes.io/ingress.class\":\"traefik\"},\"enabled\":true,\"hostname\":\"influxdb.jrhorner.com\"},\"initScripts\":{\"enabled\":true,\"scripts\":{\"init.iql\":\"CREATE DATABASE \\\"speedtests\\\" WITH DURATION 30d REPLICATION 1 NAME \\\"rp_30d\\\"\\n\"}},\"user\":{\"password\":\"getstickbugged\",\"username\":\"admin\"}}",
                "version": "4.8.6"
              }
            ],
            "name": "influxdb",
            "namespace": "speedtests",
            "postrender": [],
            "recreate_pods": false,
            "render_subchart_notes": true,
            "replace": false,
            "repository": "https://helm.influxdata.com/",
            "repository_ca_file": null,
            "repository_cert_file": null,
            "repository_key_file": null,
            "repository_password": null,
            "repository_username": null,
            "reset_values": false,
            "reuse_values": false,
            "set": [],
            "set_sensitive": [],
            "set_string": [],
            "skip_crds": false,
            "status": "deployed",
            "timeout": 300,
            "values": [
              "image:\r\n  tag: \"1.8.0\"\r\n\r\nuser:\r\n  username: \"admin\"\r\n  password: \"getstickbugged\"\r\n\r\ningress:\r\n  enabled: true\r\n  hostname: influxdb.jrhorner.com\r\n  annotations: \r\n    kubernetes.io/ingress.class: \"traefik\"\r\n\r\ninitScripts:\r\n  enabled: true\r\n  scripts:\r\n    init.iql: |+\r\n      CREATE DATABASE \"speedtests\" WITH DURATION 30d REPLICATION 1 NAME \"rp_30d\"\r\n"
            ],
            "verify": false,
            "version": "4.8.6",
            "wait": true
          },
          "private": "bnVsbA==",
          "dependencies": [
            "kubernetes_namespace.speedtest"
          ]
        }
      ]
    },
    {
      "mode": "managed",
      "type": "helm_release",
      "name": "speedtest",
      "provider": "provider[\"registry.terraform.io/hashicorp/helm\"]",
      "instances": [
        {
          "status": "tainted",
          "schema_version": 0,
          "attributes": {
            "atomic": false,
            "chart": "../helm/ookla-speedtest",
            "cleanup_on_fail": false,
            "create_namespace": false,
            "dependency_update": false,
            "description": null,
            "devel": null,
            "disable_crd_hooks": false,
            "disable_openapi_validation": false,
            "disable_webhooks": false,
            "force_update": false,
            "id": "ookla-speedtest",
            "keyring": null,
            "lint": false,
            "max_history": 0,
            "metadata": [
              {
                "app_version": "1.16.0",
                "chart": "speedtest2influx",
                "name": "ookla-speedtest",
                "namespace": "speedtests",
                "revision": 1,
                "values": "{\"influxdb\":{\"address\":\"influxdb\",\"database\":\"speedtests\",\"password\":\"getstickbugged\",\"port\":\"8086\",\"username\":\"admin\"},\"logging\":{\"level\":\"debug\"},\"speedtest\":{\"interval\":\"300s\",\"server\":{\"id\":\"29204\",\"name\":\"\"}}}",
                "version": "0.1.0"
              }
            ],
            "name": "ookla-speedtest",
            "namespace": "speedtests",
            "postrender": [],
            "recreate_pods": false,
            "render_subchart_notes": true,
            "replace": false,
            "repository": null,
            "repository_ca_file": null,
            "repository_cert_file": null,
            "repository_key_file": null,
            "repository_password": null,
            "repository_username": null,
            "reset_values": false,
            "reuse_values": false,
            "set": [],
            "set_sensitive": [],
            "set_string": [],
            "skip_crds": false,
            "status": "failed",
            "timeout": 300,
            "values": [
              "influxdb:\n  address: \"influxdb\" # Influxdb server\n  port: \"8086\"  # Influxdb server port\n  database: \"speedtests\" # Database to write collected stats to\n  username: \"admin\" # User that has access to the database\n  password: \"getstickbugged\" # Password for above user\nspeedtest:\n  interval: \"300s\"  # Delay between runs\n  server:\n    id: \"29204\"\n    name: \"\"\nlogging:  \n  level: \"debug\"   # Set how verbose the console output is"
            ],
            "verify": false,
            "version": "0.1.0",
            "wait": true
          },
          "private": "bnVsbA==",
          "dependencies": [
            "kubernetes_namespace.speedtest"
          ]
        }
      ]
    },
    {
      "mode": "managed",
      "type": "kubernetes_namespace",
      "name": "speedtest",
      "provider": "provider[\"registry.terraform.io/hashicorp/kubernetes\"]",
      "instances": [
        {
          "schema_version": 0,
          "attributes": {
            "id": "speedtests",
            "metadata": [
              {
                "annotations": {},
                "generate_name": "",
                "generation": 0,
                "labels": {},
                "name": "speedtests",
                "resource_version": "6469451",
                "self_link": "/api/v1/namespaces/speedtests",
                "uid": "287116b5-52c1-4aea-833a-27ef8441595b"
              }
            ],
            "timeouts": null
          },
          "private": "eyJlMmJmYjczMC1lY2FhLTExZTYtOGY4OC0zNDM2M2JjN2M0YzAiOnsiZGVsZXRlIjozMDAwMDAwMDAwMDB9fQ=="
        }
      ]
    }
  ]
}
