dependencies:
- name: grafana
  repository: https://grafana.github.io/helm-charts
  version: 6.43.5
- name: influxdb2
  repository: https://helm.influxdata.com/
  version: 2.1.2
digest: sha256:94eeaa1dea1f36e9061757496db58f4ea44ebe996695a95de761bba477e92032
generated: "2023-12-04T16:32:06.098791344Z"
