dependencies:
- name: grafana
  repository: https://grafana.github.io/helm-charts
  version: 9.4.5
- name: influxdb2
  repository: https://helm.influxdata.com/
  version: 2.1.1
digest: sha256:9f56272a1379166a97208daf7c8a20a47c2a2bc014c7eeb22bb52ccf070b71de
generated: "2025-09-11T14:33:35.801086345Z"
